{
  "meteor": {
    "git": "https://github.com/meteor/meteor.git",
    "branch": "master",
    "commit": "4d98d8cb4e5a95e9e98953f44c872c9332a042a3"
  },
  "dependencies": {
    "basePackages": {
      "jade-handlebars": {},
      "normalize.css": {}
    },
    "packages": {
      "jade-handlebars": {
        "git": "https://github.com/SimonDegraeve/meteor-jade-handlebars.git",
        "tag": "v0.2.7",
        "commit": "82f6f9ac43a68ffabe1d9b9620be2a4ca6790b56"
      },
      "normalize.css": {
        "git": "https://github.com/rithis/meteor-normalize.css",
        "tag": "v2.0.1",
        "commit": "671aba13223dd7d7ec1d26a6b2461943d7c4fa18"
      }
    }
  }
}
